
Microsoft Visual Studio Solution File, Format Version 12.00
# Visual Studio Version 17
VisualStudioVersion = 17.10.35013.160
MinimumVisualStudioVersion = 10.0.40219.1
Project("{9A19103F-16F7-4668-BE54-9A1E7A4F7556}") = "HealthProject", "HealthProject\HealthProject.csproj", "{953F69C8-0DC2-4061-A1CD-269268A96D51}"
EndProject
Project("{9A19103F-16F7-4668-BE54-9A1E7A4F7556}") = "HealthSystem.Identity", "HealthSystem.Identity\HealthSystem.Identity.csproj", "{69875EAF-10BD-4EDB-A640-9BEBF677515B}"
EndProject
Project("{9A19103F-16F7-4668-BE54-9A1E7A4F7556}") = "HealthSystem.Admins", "HealthSystem.Admins\HealthSystem.Admins.csproj", "{077EBA43-84B2-4FB9-8D2F-2B9D4F971BDF}"
EndProject
Project("{9A19103F-16F7-4668-BE54-9A1E7A4F7556}") = "HealthSystem.Problems", "HealthSystem.Problems\HealthSystem.Problems.csproj", "{29A53686-E9A4-41C3-9A79-3BFA38DF549A}"
EndProject
Project("{9A19103F-16F7-4668-BE54-9A1E7A4F7556}") = "HealthSystem.HealthCare", "HealthSystem.HealthCare\HealthSystem.HealthCare.csproj", "{43DCD0B7-D463-40FC-86DF-5B1D776D235A}"
EndProject
Project("{9A19103F-16F7-4668-BE54-9A1E7A4F7556}") = "HealthSystem.Booking", "HealthSystem.Booking\HealthSystem.Booking.csproj", "{7E97C1CD-FED6-4730-9C5A-8141E05126E7}"
EndProject
Project("{9A19103F-16F7-4668-BE54-9A1E7A4F7556}") = "HealthSystem.Documents", "HealthSystem.Documents\HealthSystem.Documents.csproj", "{FCF83729-FA20-4A47-B31B-027E9481CF15}"
EndProject
Project("{9A19103F-16F7-4668-BE54-9A1E7A4F7556}") = "HealthSystemCommon", "HealthSystemCommon\HealthSystemCommon.csproj", "{50CB8058-558B-4209-9EA9-0A3398B3C53D}"
EndProject
Global
	GlobalSection(SolutionConfigurationPlatforms) = preSolution
		Debug|Any CPU = Debug|Any CPU
		Debug|ARM64 = Debug|ARM64
		Debug|x64 = Debug|x64
		Debug|x86 = Debug|x86
		Release|Any CPU = Release|Any CPU
		Release|ARM64 = Release|ARM64
		Release|x64 = Release|x64
		Release|x86 = Release|x86
	EndGlobalSection
	GlobalSection(ProjectConfigurationPlatforms) = postSolution
		{953F69C8-0DC2-4061-A1CD-269268A96D51}.Debug|Any CPU.ActiveCfg = Debug|Any CPU
		{953F69C8-0DC2-4061-A1CD-269268A96D51}.Debug|Any CPU.Build.0 = Debug|Any CPU
		{953F69C8-0DC2-4061-A1CD-269268A96D51}.Debug|Any CPU.Deploy.0 = Debug|Any CPU
		{953F69C8-0DC2-4061-A1CD-269268A96D51}.Debug|ARM64.ActiveCfg = Debug|Any CPU
		{953F69C8-0DC2-4061-A1CD-269268A96D51}.Debug|ARM64.Build.0 = Debug|Any CPU
		{953F69C8-0DC2-4061-A1CD-269268A96D51}.Debug|ARM64.Deploy.0 = Debug|Any CPU
		{953F69C8-0DC2-4061-A1CD-269268A96D51}.Debug|x64.ActiveCfg = Debug|Any CPU
		{953F69C8-0DC2-4061-A1CD-269268A96D51}.Debug|x64.Build.0 = Debug|Any CPU
		{953F69C8-0DC2-4061-A1CD-269268A96D51}.Debug|x64.Deploy.0 = Debug|Any CPU
		{953F69C8-0DC2-4061-A1CD-269268A96D51}.Debug|x86.ActiveCfg = Debug|Any CPU
		{953F69C8-0DC2-4061-A1CD-269268A96D51}.Debug|x86.Build.0 = Debug|Any CPU
		{953F69C8-0DC2-4061-A1CD-269268A96D51}.Debug|x86.Deploy.0 = Debug|Any CPU
		{953F69C8-0DC2-4061-A1CD-269268A96D51}.Release|Any CPU.ActiveCfg = Release|Any CPU
		{953F69C8-0DC2-4061-A1CD-269268A96D51}.Release|Any CPU.Build.0 = Release|Any CPU
		{953F69C8-0DC2-4061-A1CD-269268A96D51}.Release|Any CPU.Deploy.0 = Release|Any CPU
		{953F69C8-0DC2-4061-A1CD-269268A96D51}.Release|ARM64.ActiveCfg = Release|Any CPU
		{953F69C8-0DC2-4061-A1CD-269268A96D51}.Release|ARM64.Build.0 = Release|Any CPU
		{953F69C8-0DC2-4061-A1CD-269268A96D51}.Release|ARM64.Deploy.0 = Release|Any CPU
		{953F69C8-0DC2-4061-A1CD-269268A96D51}.Release|x64.ActiveCfg = Release|Any CPU
		{953F69C8-0DC2-4061-A1CD-269268A96D51}.Release|x64.Build.0 = Release|Any CPU
		{953F69C8-0DC2-4061-A1CD-269268A96D51}.Release|x64.Deploy.0 = Release|Any CPU
		{953F69C8-0DC2-4061-A1CD-269268A96D51}.Release|x86.ActiveCfg = Release|Any CPU
		{953F69C8-0DC2-4061-A1CD-269268A96D51}.Release|x86.Build.0 = Release|Any CPU
		{953F69C8-0DC2-4061-A1CD-269268A96D51}.Release|x86.Deploy.0 = Release|Any CPU
		{69875EAF-10BD-4EDB-A640-9BEBF677515B}.Debug|Any CPU.ActiveCfg = Debug|Any CPU
		{69875EAF-10BD-4EDB-A640-9BEBF677515B}.Debug|Any CPU.Build.0 = Debug|Any CPU
		{69875EAF-10BD-4EDB-A640-9BEBF677515B}.Debug|ARM64.ActiveCfg = Debug|Any CPU
		{69875EAF-10BD-4EDB-A640-9BEBF677515B}.Debug|ARM64.Build.0 = Debug|Any CPU
		{69875EAF-10BD-4EDB-A640-9BEBF677515B}.Debug|x64.ActiveCfg = Debug|Any CPU
		{69875EAF-10BD-4EDB-A640-9BEBF677515B}.Debug|x64.Build.0 = Debug|Any CPU
		{69875EAF-10BD-4EDB-A640-9BEBF677515B}.Debug|x86.ActiveCfg = Debug|Any CPU
		{69875EAF-10BD-4EDB-A640-9BEBF677515B}.Debug|x86.Build.0 = Debug|Any CPU
		{69875EAF-10BD-4EDB-A640-9BEBF677515B}.Release|Any CPU.ActiveCfg = Release|Any CPU
		{69875EAF-10BD-4EDB-A640-9BEBF677515B}.Release|Any CPU.Build.0 = Release|Any CPU
		{69875EAF-10BD-4EDB-A640-9BEBF677515B}.Release|ARM64.ActiveCfg = Release|Any CPU
		{69875EAF-10BD-4EDB-A640-9BEBF677515B}.Release|ARM64.Build.0 = Release|Any CPU
		{69875EAF-10BD-4EDB-A640-9BEBF677515B}.Release|x64.ActiveCfg = Release|Any CPU
		{69875EAF-10BD-4EDB-A640-9BEBF677515B}.Release|x64.Build.0 = Release|Any CPU
		{69875EAF-10BD-4EDB-A640-9BEBF677515B}.Release|x86.ActiveCfg = Release|Any CPU
		{69875EAF-10BD-4EDB-A640-9BEBF677515B}.Release|x86.Build.0 = Release|Any CPU
		{077EBA43-84B2-4FB9-8D2F-2B9D4F971BDF}.Debug|Any CPU.ActiveCfg = Debug|Any CPU
		{077EBA43-84B2-4FB9-8D2F-2B9D4F971BDF}.Debug|Any CPU.Build.0 = Debug|Any CPU
		{077EBA43-84B2-4FB9-8D2F-2B9D4F971BDF}.Debug|ARM64.ActiveCfg = Debug|Any CPU
		{077EBA43-84B2-4FB9-8D2F-2B9D4F971BDF}.Debug|ARM64.Build.0 = Debug|Any CPU
		{077EBA43-84B2-4FB9-8D2F-2B9D4F971BDF}.Debug|x64.ActiveCfg = Debug|Any CPU
		{077EBA43-84B2-4FB9-8D2F-2B9D4F971BDF}.Debug|x64.Build.0 = Debug|Any CPU
		{077EBA43-84B2-4FB9-8D2F-2B9D4F971BDF}.Debug|x86.ActiveCfg = Debug|Any CPU
		{077EBA43-84B2-4FB9-8D2F-2B9D4F971BDF}.Debug|x86.Build.0 = Debug|Any CPU
		{077EBA43-84B2-4FB9-8D2F-2B9D4F971BDF}.Release|Any CPU.ActiveCfg = Release|Any CPU
		{077EBA43-84B2-4FB9-8D2F-2B9D4F971BDF}.Release|Any CPU.Build.0 = Release|Any CPU
		{077EBA43-84B2-4FB9-8D2F-2B9D4F971BDF}.Release|ARM64.ActiveCfg = Release|Any CPU
		{077EBA43-84B2-4FB9-8D2F-2B9D4F971BDF}.Release|ARM64.Build.0 = Release|Any CPU
		{077EBA43-84B2-4FB9-8D2F-2B9D4F971BDF}.Release|x64.ActiveCfg = Release|Any CPU
		{077EBA43-84B2-4FB9-8D2F-2B9D4F971BDF}.Release|x64.Build.0 = Release|Any CPU
		{077EBA43-84B2-4FB9-8D2F-2B9D4F971BDF}.Release|x86.ActiveCfg = Release|Any CPU
		{077EBA43-84B2-4FB9-8D2F-2B9D4F971BDF}.Release|x86.Build.0 = Release|Any CPU
		{29A53686-E9A4-41C3-9A79-3BFA38DF549A}.Debug|Any CPU.ActiveCfg = Debug|Any CPU
		{29A53686-E9A4-41C3-9A79-3BFA38DF549A}.Debug|Any CPU.Build.0 = Debug|Any CPU
		{29A53686-E9A4-41C3-9A79-3BFA38DF549A}.Debug|ARM64.ActiveCfg = Debug|Any CPU
		{29A53686-E9A4-41C3-9A79-3BFA38DF549A}.Debug|ARM64.Build.0 = Debug|Any CPU
		{29A53686-E9A4-41C3-9A79-3BFA38DF549A}.Debug|x64.ActiveCfg = Debug|Any CPU
		{29A53686-E9A4-41C3-9A79-3BFA38DF549A}.Debug|x64.Build.0 = Debug|Any CPU
		{29A53686-E9A4-41C3-9A79-3BFA38DF549A}.Debug|x86.ActiveCfg = Debug|Any CPU
		{29A53686-E9A4-41C3-9A79-3BFA38DF549A}.Debug|x86.Build.0 = Debug|Any CPU
		{29A53686-E9A4-41C3-9A79-3BFA38DF549A}.Release|Any CPU.ActiveCfg = Release|Any CPU
		{29A53686-E9A4-41C3-9A79-3BFA38DF549A}.Release|Any CPU.Build.0 = Release|Any CPU
		{29A53686-E9A4-41C3-9A79-3BFA38DF549A}.Release|ARM64.ActiveCfg = Release|Any CPU
		{29A53686-E9A4-41C3-9A79-3BFA38DF549A}.Release|ARM64.Build.0 = Release|Any CPU
		{29A53686-E9A4-41C3-9A79-3BFA38DF549A}.Release|x64.ActiveCfg = Release|Any CPU
		{29A53686-E9A4-41C3-9A79-3BFA38DF549A}.Release|x64.Build.0 = Release|Any CPU
		{29A53686-E9A4-41C3-9A79-3BFA38DF549A}.Release|x86.ActiveCfg = Release|Any CPU
		{29A53686-E9A4-41C3-9A79-3BFA38DF549A}.Release|x86.Build.0 = Release|Any CPU
		{43DCD0B7-D463-40FC-86DF-5B1D776D235A}.Debug|Any CPU.ActiveCfg = Debug|Any CPU
		{43DCD0B7-D463-40FC-86DF-5B1D776D235A}.Debug|Any CPU.Build.0 = Debug|Any CPU
		{43DCD0B7-D463-40FC-86DF-5B1D776D235A}.Debug|ARM64.ActiveCfg = Debug|Any CPU
		{43DCD0B7-D463-40FC-86DF-5B1D776D235A}.Debug|ARM64.Build.0 = Debug|Any CPU
		{43DCD0B7-D463-40FC-86DF-5B1D776D235A}.Debug|x64.ActiveCfg = Debug|Any CPU
		{43DCD0B7-D463-40FC-86DF-5B1D776D235A}.Debug|x64.Build.0 = Debug|Any CPU
		{43DCD0B7-D463-40FC-86DF-5B1D776D235A}.Debug|x86.ActiveCfg = Debug|Any CPU
		{43DCD0B7-D463-40FC-86DF-5B1D776D235A}.Debug|x86.Build.0 = Debug|Any CPU
		{43DCD0B7-D463-40FC-86DF-5B1D776D235A}.Release|Any CPU.ActiveCfg = Release|Any CPU
		{43DCD0B7-D463-40FC-86DF-5B1D776D235A}.Release|Any CPU.Build.0 = Release|Any CPU
		{43DCD0B7-D463-40FC-86DF-5B1D776D235A}.Release|ARM64.ActiveCfg = Release|Any CPU
		{43DCD0B7-D463-40FC-86DF-5B1D776D235A}.Release|ARM64.Build.0 = Release|Any CPU
		{43DCD0B7-D463-40FC-86DF-5B1D776D235A}.Release|x64.ActiveCfg = Release|Any CPU
		{43DCD0B7-D463-40FC-86DF-5B1D776D235A}.Release|x64.Build.0 = Release|Any CPU
		{43DCD0B7-D463-40FC-86DF-5B1D776D235A}.Release|x86.ActiveCfg = Release|Any CPU
		{43DCD0B7-D463-40FC-86DF-5B1D776D235A}.Release|x86.Build.0 = Release|Any CPU
		{7E97C1CD-FED6-4730-9C5A-8141E05126E7}.Debug|Any CPU.ActiveCfg = Debug|Any CPU
		{7E97C1CD-FED6-4730-9C5A-8141E05126E7}.Debug|Any CPU.Build.0 = Debug|Any CPU
		{7E97C1CD-FED6-4730-9C5A-8141E05126E7}.Debug|ARM64.ActiveCfg = Debug|Any CPU
		{7E97C1CD-FED6-4730-9C5A-8141E05126E7}.Debug|ARM64.Build.0 = Debug|Any CPU
		{7E97C1CD-FED6-4730-9C5A-8141E05126E7}.Debug|x64.ActiveCfg = Debug|Any CPU
		{7E97C1CD-FED6-4730-9C5A-8141E05126E7}.Debug|x64.Build.0 = Debug|Any CPU
		{7E97C1CD-FED6-4730-9C5A-8141E05126E7}.Debug|x86.ActiveCfg = Debug|Any CPU
		{7E97C1CD-FED6-4730-9C5A-8141E05126E7}.Debug|x86.Build.0 = Debug|Any CPU
		{7E97C1CD-FED6-4730-9C5A-8141E05126E7}.Release|Any CPU.ActiveCfg = Release|Any CPU
		{7E97C1CD-FED6-4730-9C5A-8141E05126E7}.Release|Any CPU.Build.0 = Release|Any CPU
		{7E97C1CD-FED6-4730-9C5A-8141E05126E7}.Release|ARM64.ActiveCfg = Release|Any CPU
		{7E97C1CD-FED6-4730-9C5A-8141E05126E7}.Release|ARM64.Build.0 = Release|Any CPU
		{7E97C1CD-FED6-4730-9C5A-8141E05126E7}.Release|x64.ActiveCfg = Release|Any CPU
		{7E97C1CD-FED6-4730-9C5A-8141E05126E7}.Release|x64.Build.0 = Release|Any CPU
		{7E97C1CD-FED6-4730-9C5A-8141E05126E7}.Release|x86.ActiveCfg = Release|Any CPU
		{7E97C1CD-FED6-4730-9C5A-8141E05126E7}.Release|x86.Build.0 = Release|Any CPU
		{FCF83729-FA20-4A47-B31B-027E9481CF15}.Debug|Any CPU.ActiveCfg = Debug|Any CPU
		{FCF83729-FA20-4A47-B31B-027E9481CF15}.Debug|Any CPU.Build.0 = Debug|Any CPU
		{FCF83729-FA20-4A47-B31B-027E9481CF15}.Debug|ARM64.ActiveCfg = Debug|Any CPU
		{FCF83729-FA20-4A47-B31B-027E9481CF15}.Debug|ARM64.Build.0 = Debug|Any CPU
		{FCF83729-FA20-4A47-B31B-027E9481CF15}.Debug|x64.ActiveCfg = Debug|Any CPU
		{FCF83729-FA20-4A47-B31B-027E9481CF15}.Debug|x64.Build.0 = Debug|Any CPU
		{FCF83729-FA20-4A47-B31B-027E9481CF15}.Debug|x86.ActiveCfg = Debug|Any CPU
		{FCF83729-FA20-4A47-B31B-027E9481CF15}.Debug|x86.Build.0 = Debug|Any CPU
		{FCF83729-FA20-4A47-B31B-027E9481CF15}.Release|Any CPU.ActiveCfg = Release|Any CPU
		{FCF83729-FA20-4A47-B31B-027E9481CF15}.Release|Any CPU.Build.0 = Release|Any CPU
		{FCF83729-FA20-4A47-B31B-027E9481CF15}.Release|ARM64.ActiveCfg = Release|Any CPU
		{FCF83729-FA20-4A47-B31B-027E9481CF15}.Release|ARM64.Build.0 = Release|Any CPU
		{FCF83729-FA20-4A47-B31B-027E9481CF15}.Release|x64.ActiveCfg = Release|Any CPU
		{FCF83729-FA20-4A47-B31B-027E9481CF15}.Release|x64.Build.0 = Release|Any CPU
		{FCF83729-FA20-4A47-B31B-027E9481CF15}.Release|x86.ActiveCfg = Release|Any CPU
		{FCF83729-FA20-4A47-B31B-027E9481CF15}.Release|x86.Build.0 = Release|Any CPU
		{50CB8058-558B-4209-9EA9-0A3398B3C53D}.Debug|Any CPU.ActiveCfg = Debug|Any CPU
		{50CB8058-558B-4209-9EA9-0A3398B3C53D}.Debug|Any CPU.Build.0 = Debug|Any CPU
		{50CB8058-558B-4209-9EA9-0A3398B3C53D}.Debug|ARM64.ActiveCfg = Debug|Any CPU
		{50CB8058-558B-4209-9EA9-0A3398B3C53D}.Debug|ARM64.Build.0 = Debug|Any CPU
		{50CB8058-558B-4209-9EA9-0A3398B3C53D}.Debug|x64.ActiveCfg = Debug|Any CPU
		{50CB8058-558B-4209-9EA9-0A3398B3C53D}.Debug|x64.Build.0 = Debug|Any CPU
		{50CB8058-558B-4209-9EA9-0A3398B3C53D}.Debug|x86.ActiveCfg = Debug|Any CPU
		{50CB8058-558B-4209-9EA9-0A3398B3C53D}.Debug|x86.Build.0 = Debug|Any CPU
		{50CB8058-558B-4209-9EA9-0A3398B3C53D}.Release|Any CPU.ActiveCfg = Release|Any CPU
		{50CB8058-558B-4209-9EA9-0A3398B3C53D}.Release|Any CPU.Build.0 = Release|Any CPU
		{50CB8058-558B-4209-9EA9-0A3398B3C53D}.Release|ARM64.ActiveCfg = Release|Any CPU
		{50CB8058-558B-4209-9EA9-0A3398B3C53D}.Release|ARM64.Build.0 = Release|Any CPU
		{50CB8058-558B-4209-9EA9-0A3398B3C53D}.Release|x64.ActiveCfg = Release|Any CPU
		{50CB8058-558B-4209-9EA9-0A3398B3C53D}.Release|x64.Build.0 = Release|Any CPU
		{50CB8058-558B-4209-9EA9-0A3398B3C53D}.Release|x86.ActiveCfg = Release|Any CPU
		{50CB8058-558B-4209-9EA9-0A3398B3C53D}.Release|x86.Build.0 = Release|Any CPU
	EndGlobalSection
	GlobalSection(SolutionProperties) = preSolution
		HideSolutionNode = FALSE
	EndGlobalSection
	GlobalSection(ExtensibilityGlobals) = postSolution
		SolutionGuid = {BB4AD73E-A074-4130-BBD5-33CB4F3F8993}
	EndGlobalSection
EndGlobal
