
Microsoft Visual Studio Solution File, Format Version 12.00
# Visual Studio Version 17
VisualStudioVersion = 17.5.002.0
MinimumVisualStudioVersion = 10.0.40219.1
Project("{9A19103F-16F7-4668-BE54-9A1E7A4F7556}") = "HealthSystemApi", "HealthSystemApi.csproj", "{70C4A204-48A3-4E75-8174-D92E47D76BFF}"
EndProject
Global
	GlobalSection(SolutionConfigurationPlatforms) = preSolution
		Debug|Any CPU = Debug|Any CPU
		Release|Any CPU = Release|Any CPU
	EndGlobalSection
	GlobalSection(ProjectConfigurationPlatforms) = postSolution
		{70C4A204-48A3-4E75-8174-D92E47D76BFF}.Debug|Any CPU.ActiveCfg = Debug|Any CPU
		{70C4A204-48A3-4E75-8174-D92E47D76BFF}.Debug|Any CPU.Build.0 = Debug|Any CPU
		{70C4A204-48A3-4E75-8174-D92E47D76BFF}.Release|Any CPU.ActiveCfg = Release|Any CPU
		{70C4A204-48A3-4E75-8174-D92E47D76BFF}.Release|Any CPU.Build.0 = Release|Any CPU
	EndGlobalSection
	GlobalSection(SolutionProperties) = preSolution
		HideSolutionNode = FALSE
	EndGlobalSection
	GlobalSection(ExtensibilityGlobals) = postSolution
		SolutionGuid = {134D1FF8-E0ED-4E43-9E0F-2F44A465AC42}
	EndGlobalSection
EndGlobal
